// !$*UTF8*$!
{
	archiveVersion = 1;
	classes = {
	};
	objectVersion = 46;
	objects = {

/* Begin PBXBuildFile section */
		E55C29FF1DF9432A00969D61 /* AppDelegate.swift in Sources */ = {isa = PBXBuildFile; fileRef = E55C29FE1DF9432A00969D61 /* AppDelegate.swift */; };
		E55C2A011DF9432A00969D61 /* ViewController.swift in Sources */ = {isa = PBXBuildFile; fileRef = E55C2A001DF9432A00969D61 /* ViewController.swift */; };
		E55C2A041DF9432A00969D61 /* Main.storyboard in Resources */ = {isa = PBXBuildFile; fileRef = E55C2A021DF9432A00969D61 /* Main.storyboard */; };
		E55C2A061DF9432A00969D61 /* Assets.xcassets in Resources */ = {isa = PBXBuildFile; fileRef = E55C2A051DF9432A00969D61 /* Assets.xcassets */; };
		E55C2A091DF9432A00969D61 /* LaunchScreen.storyboard in Resources */ = {isa = PBXBuildFile; fileRef = E55C2A071DF9432A00969D61 /* LaunchScreen.storyboard */; };
		E55C2A141DF9432A00969D61 /* UIKitrisTests.swift in Sources */ = {isa = PBXBuildFile; fileRef = E55C2A131DF9432A00969D61 /* UIKitrisTests.swift */; };
		E55C2A1F1DF9432A00969D61 /* UIKitrisUITests.swift in Sources */ = {isa = PBXBuildFile; fileRef = E55C2A1E1DF9432A00969D61 /* UIKitrisUITests.swift */; };
		E5A401C61DFC76DB004A7D40 /* Matrix.swift in Sources */ = {isa = PBXBuildFile; fileRef = E5A401C51DFC76DB004A7D40 /* Matrix.swift */; };
/* End PBXBuildFile section */

/* Begin PBXContainerItemProxy section */
		E55C2A101DF9432A00969D61 /* PBXContainerItemProxy */ = {
			isa = PBXContainerItemProxy;
			containerPortal = E55C29F31DF9432A00969D61 /* Project object */;
			proxyType = 1;
			remoteGlobalIDString = E55C29FA1DF9432A00969D61;
			remoteInfo = UIKitris;
		};
		E55C2A1B1DF9432A00969D61 /* PBXContainerItemProxy */ = {
			isa = PBXContainerItemProxy;
			containerPortal = E55C29F31DF9432A00969D61 /* Project object */;
			proxyType = 1;
			remoteGlobalIDString = E55C29FA1DF9432A00969D61;
			remoteInfo = UIKitris;
		};
/* End PBXContainerItemProxy section */

/* Begin PBXFileReference section */
		E55C29FB1DF9432A00969D61 /* UIKitris.app */ = {isa = PBXFileReference; explicitFileType = wrapper.application; includeInIndex = 0; path = UIKitris.app; sourceTree = BUILT_PRODUCTS_DIR; };
		E55C29FE1DF9432A00969D61 /* AppDelegate.swift */ = {isa = PBXFileReference; lastKnownFileType = sourcecode.swift; path = AppDelegate.swift; sourceTree = "<group>"; };
		E55C2A001DF9432A00969D61 /* ViewController.swift */ = {isa = PBXFileReference; lastKnownFileType = sourcecode.swift; path = ViewController.swift; sourceTree = "<group>"; };
		E55C2A031DF9432A00969D61 /* Base */ = {isa = PBXFileReference; lastKnownFileType = file.storyboard; name = Base; path = Base.lproj/Main.storyboard; sourceTree = "<group>"; };
		E55C2A051DF9432A00969D61 /* Assets.xcassets */ = {isa = PBXFileReference; lastKnownFileType = folder.assetcatalog; path = Assets.xcassets; sourceTree = "<group>"; };
		E55C2A081DF9432A00969D61 /* Base */ = {isa = PBXFileReference; lastKnownFileType = file.storyboard; name = Base; path = Base.lproj/LaunchScreen.storyboard; sourceTree = "<group>"; };
		E55C2A0A1DF9432A00969D61 /* Info.plist */ = {isa = PBXFileReference; lastKnownFileType = text.plist.xml; path = Info.plist; sourceTree = "<group>"; };
		E55C2A0F1DF9432A00969D61 /* UIKitrisTests.xctest */ = {isa = PBXFileReference; explicitFileType = wrapper.cfbundle; includeInIndex = 0; path = UIKitrisTests.xctest; sourceTree = BUILT_PRODUCTS_DIR; };
		E55C2A131DF9432A00969D61 /* UIKitrisTests.swift */ = {isa = PBXFileReference; lastKnownFileType = sourcecode.swift; path = UIKitrisTests.swift; sourceTree = "<group>"; };
		E55C2A151DF9432A00969D61 /* Info.plist */ = {isa = PBXFileReference; lastKnownFileType = text.plist.xml; path = Info.plist; sourceTree = "<group>"; };
		E55C2A1A1DF9432A00969D61 /* UIKitrisUITests.xctest */ = {isa = PBXFileReference; explicitFileType = wrapper.cfbundle; includeInIndex = 0; path = UIKitrisUITests.xctest; sourceTree = BUILT_PRODUCTS_DIR; };
		E55C2A1E1DF9432A00969D61 /* UIKitrisUITests.swift */ = {isa = PBXFileReference; lastKnownFileType = sourcecode.swift; path = UIKitrisUITests.swift; sourceTree = "<group>"; };
		E55C2A201DF9432A00969D61 /* Info.plist */ = {isa = PBXFileReference; lastKnownFileType = text.plist.xml; path = Info.plist; sourceTree = "<group>"; };
		E5A401C51DFC76DB004A7D40 /* Matrix.swift */ = {isa = PBXFileReference; fileEncoding = 4; lastKnownFileType = sourcecode.swift; path = Matrix.swift; sourceTree = "<group>"; };
/* End PBXFileReference section */

/* Begin PBXFrameworksBuildPhase section */
		E55C29F81DF9432A00969D61 /* Frameworks */ = {
			isa = PBXFrameworksBuildPhase;
			buildActionMask = 2147483647;
			files = (
			);
			runOnlyForDeploymentPostprocessing = 0;
		};
		E55C2A0C1DF9432A00969D61 /* Frameworks */ = {
			isa = PBXFrameworksBuildPhase;
			buildActionMask = 2147483647;
			files = (
			);
			runOnlyForDeploymentPostprocessing = 0;
		};
		E55C2A171DF9432A00969D61 /* Frameworks */ = {
			isa = PBXFrameworksBuildPhase;
			buildActionMask = 2147483647;
			files = (
			);
			runOnlyForDeploymentPostprocessing = 0;
		};
/* End PBXFrameworksBuildPhase section */

/* Begin PBXGroup section */
		E55C29F21DF9432A00969D61 = {
			isa = PBXGroup;
			children = (
				E55C29FD1DF9432A00969D61 /* UIKitris */,
				E55C2A121DF9432A00969D61 /* UIKitrisTests */,
				E55C2A1D1DF9432A00969D61 /* UIKitrisUITests */,
				E55C29FC1DF9432A00969D61 /* Products */,
			);
			sourceTree = "<group>";
		};
		E55C29FC1DF9432A00969D61 /* Products */ = {
			isa = PBXGroup;
			children = (
				E55C29FB1DF9432A00969D61 /* UIKitris.app */,
				E55C2A0F1DF9432A00969D61 /* UIKitrisTests.xctest */,
				E55C2A1A1DF9432A00969D61 /* UIKitrisUITests.xctest */,
			);
			name = Products;
			sourceTree = "<group>";
		};
		E55C29FD1DF9432A00969D61 /* UIKitris */ = {
			isa = PBXGroup;
			children = (
				E55C29FE1DF9432A00969D61 /* AppDelegate.swift */,
				E55C2A001DF9432A00969D61 /* ViewController.swift */,
				E5A401C51DFC76DB004A7D40 /* Matrix.swift */,
				E55C2A021DF9432A00969D61 /* Main.storyboard */,
				E55C2A051DF9432A00969D61 /* Assets.xcassets */,
				E55C2A071DF9432A00969D61 /* LaunchScreen.storyboard */,
				E55C2A0A1DF9432A00969D61 /* Info.plist */,
			);
			path = UIKitris;
			sourceTree = "<group>";
		};
		E55C2A121DF9432A00969D61 /* UIKitrisTests */ = {
			isa = PBXGroup;
			children = (
				E55C2A131DF9432A00969D61 /* UIKitrisTests.swift */,
				E55C2A151DF9432A00969D61 /* Info.plist */,
			);
			path = UIKitrisTests;
			sourceTree = "<group>";
		};
		E55C2A1D1DF9432A00969D61 /* UIKitrisUITests */ = {
			isa = PBXGroup;
			children = (
				E55C2A1E1DF9432A00969D61 /* UIKitrisUITests.swift */,
				E55C2A201DF9432A00969D61 /* Info.plist */,
			);
			path = UIKitrisUITests;
			sourceTree = "<group>";
		};
/* End PBXGroup section */

/* Begin PBXNativeTarget section */
		E55C29FA1DF9432A00969D61 /* UIKitris */ = {
			isa = PBXNativeTarget;
			buildConfigurationList = E55C2A231DF9432A00969D61 /* Build configuration list for PBXNativeTarget "UIKitris" */;
			buildPhases = (
				E55C29F71DF9432A00969D61 /* Sources */,
				E55C29F81DF9432A00969D61 /* Frameworks */,
				E55C29F91DF9432A00969D61 /* Resources */,
			);
			buildRules = (
			);
			dependencies = (
			);
			name = UIKitris;
			productName = UIKitris;
			productReference = E55C29FB1DF9432A00969D61 /* UIKitris.app */;
			productType = "com.apple.product-type.application";
		};
		E55C2A0E1DF9432A00969D61 /* UIKitrisTests */ = {
			isa = PBXNativeTarget;
			buildConfigurationList = E55C2A261DF9432A00969D61 /* Build configuration list for PBXNativeTarget "UIKitrisTests" */;
			buildPhases = (
				E55C2A0B1DF9432A00969D61 /* Sources */,
				E55C2A0C1DF9432A00969D61 /* Frameworks */,
				E55C2A0D1DF9432A00969D61 /* Resources */,
			);
			buildRules = (
			);
			dependencies = (
				E55C2A111DF9432A00969D61 /* PBXTargetDependency */,
			);
			name = UIKitrisTests;
			productName = UIKitrisTests;
			productReference = E55C2A0F1DF9432A00969D61 /* UIKitrisTests.xctest */;
			productType = "com.apple.product-type.bundle.unit-test";
		};
		E55C2A191DF9432A00969D61 /* UIKitrisUITests */ = {
			isa = PBXNativeTarget;
			buildConfigurationList = E55C2A291DF9432A00969D61 /* Build configuration list for PBXNativeTarget "UIKitrisUITests" */;
			buildPhases = (
				E55C2A161DF9432A00969D61 /* Sources */,
				E55C2A171DF9432A00969D61 /* Frameworks */,
				E55C2A181DF9432A00969D61 /* Resources */,
			);
			buildRules = (
			);
			dependencies = (
				E55C2A1C1DF9432A00969D61 /* PBXTargetDependency */,
			);
			name = UIKitrisUITests;
			productName = UIKitrisUITests;
			productReference = E55C2A1A1DF9432A00969D61 /* UIKitrisUITests.xctest */;
			productType = "com.apple.product-type.bundle.ui-testing";
		};
/* End PBXNativeTarget section */

/* Begin PBXProject section */
		E55C29F31DF9432A00969D61 /* Project object */ = {
			isa = PBXProject;
			attributes = {
				LastSwiftUpdateCheck = 0810;
				LastUpgradeCheck = 0810;
				ORGANIZATIONNAME = alexgolub;
				TargetAttributes = {
					E55C29FA1DF9432A00969D61 = {
						CreatedOnToolsVersion = 8.1;
						ProvisioningStyle = Automatic;
					};
					E55C2A0E1DF9432A00969D61 = {
						CreatedOnToolsVersion = 8.1;
						ProvisioningStyle = Automatic;
						TestTargetID = E55C29FA1DF9432A00969D61;
					};
					E55C2A191DF9432A00969D61 = {
						CreatedOnToolsVersion = 8.1;
						ProvisioningStyle = Automatic;
						TestTargetID = E55C29FA1DF9432A00969D61;
					};
				};
			};
			buildConfigurationList = E55C29F61DF9432A00969D61 /* Build configuration list for PBXProject "UIKitris" */;
			compatibilityVersion = "Xcode 3.2";
			developmentRegion = English;
			hasScannedForEncodings = 0;
			knownRegions = (
				en,
				Base,
			);
			mainGroup = E55C29F21DF9432A00969D61;
			productRefGroup = E55C29FC1DF9432A00969D61 /* Products */;
			projectDirPath = "";
			projectRoot = "";
			targets = (
				E55C29FA1DF9432A00969D61 /* UIKitris */,
				E55C2A0E1DF9432A00969D61 /* UIKitrisTests */,
				E55C2A191DF9432A00969D61 /* UIKitrisUITests */,
			);
		};
/* End PBXProject section */

/* Begin PBXResourcesBuildPhase section */
		E55C29F91DF9432A00969D61 /* Resources */ = {
			isa = PBXResourcesBuildPhase;
			buildActionMask = 2147483647;
			files = (
				E55C2A091DF9432A00969D61 /* LaunchScreen.storyboard in Resources */,
				E55C2A061DF9432A00969D61 /* Assets.xcassets in Resources */,
				E55C2A041DF9432A00969D61 /* Main.storyboard in Resources */,
			);
			runOnlyForDeploymentPostprocessing = 0;
		};
		E55C2A0D1DF9432A00969D61 /* Resources */ = {
			isa = PBXResourcesBuildPhase;
			buildActionMask = 2147483647;
			files = (
			);
			runOnlyForDeploymentPostprocessing = 0;
		};
		E55C2A181DF9432A00969D61 /* Resources */ = {
			isa = PBXResourcesBuildPhase;
			buildActionMask = 2147483647;
			files = (
			);
			runOnlyForDeploymentPostprocessing = 0;
		};
/* End PBXResourcesBuildPhase section */

/* Begin PBXSourcesBuildPhase section */
		E55C29F71DF9432A00969D61 /* Sources */ = {
			isa = PBXSourcesBuildPhase;
			buildActionMask = 2147483647;
			files = (
				E55C2A011DF9432A00969D61 /* ViewController.swift in Sources */,
				E55C29FF1DF9432A00969D61 /* AppDelegate.swift in Sources */,
				E5A401C61DFC76DB004A7D40 /* Matrix.swift in Sources */,
			);
			runOnlyForDeploymentPostprocessing = 0;
		};
		E55C2A0B1DF9432A00969D61 /* Sources */ = {
			isa = PBXSourcesBuildPhase;
			buildActionMask = 2147483647;
			files = (
				E55C2A141DF9432A00969D61 /* UIKitrisTests.swift in Sources */,
			);
			runOnlyForDeploymentPostprocessing = 0;
		};
		E55C2A161DF9432A00969D61 /* Sources */ = {
			isa = PBXSourcesBuildPhase;
			buildActionMask = 2147483647;
			files = (
				E55C2A1F1DF9432A00969D61 /* UIKitrisUITests.swift in Sources */,
			);
			runOnlyForDeploymentPostprocessing = 0;
		};
/* End PBXSourcesBuildPhase section */

/* Begin PBXTargetDependency section */
		E55C2A111DF9432A00969D61 /* PBXTargetDependency */ = {
			isa = PBXTargetDependency;
			target = E55C29FA1DF9432A00969D61 /* UIKitris */;
			targetProxy = E55C2A101DF9432A00969D61 /* PBXContainerItemProxy */;
		};
		E55C2A1C1DF9432A00969D61 /* PBXTargetDependency */ = {
			isa = PBXTargetDependency;
			target = E55C29FA1DF9432A00969D61 /* UIKitris */;
			targetProxy = E55C2A1B1DF9432A00969D61 /* PBXContainerItemProxy */;
		};
/* End PBXTargetDependency section */

/* Begin PBXVariantGroup section */
		E55C2A021DF9432A00969D61 /* Main.storyboard */ = {
			isa = PBXVariantGroup;
			children = (
				E55C2A031DF9432A00969D61 /* Base */,
			);
			name = Main.storyboard;
			sourceTree = "<group>";
		};
		E55C2A071DF9432A00969D61 /* LaunchScreen.storyboard */ = {
			isa = PBXVariantGroup;
			children = (
				E55C2A081DF9432A00969D61 /* Base */,
			);
			name = LaunchScreen.storyboard;
			sourceTree = "<group>";
		};
/* End PBXVariantGroup section */

/* Begin XCBuildConfiguration section */
		E55C2A211DF9432A00969D61 /* Debug */ = {
			isa = XCBuildConfiguration;
			buildSettings = {
				ALWAYS_SEARCH_USER_PATHS = NO;
				CLANG_ANALYZER_NONNULL = YES;
				CLANG_CXX_LANGUAGE_STANDARD = "gnu++0x";
				CLANG_CXX_LIBRARY = "libc++";
				CLANG_ENABLE_MODULES = YES;
				CLANG_ENABLE_OBJC_ARC = YES;
				CLANG_WARN_BOOL_CONVERSION = YES;
				CLANG_WARN_CONSTANT_CONVERSION = YES;
				CLANG_WARN_DIRECT_OBJC_ISA_USAGE = YES_ERROR;
				CLANG_WARN_DOCUMENTATION_COMMENTS = YES;
				CLANG_WARN_EMPTY_BODY = YES;
				CLANG_WARN_ENUM_CONVERSION = YES;
				CLANG_WARN_INFINITE_RECURSION = YES;
				CLANG_WARN_INT_CONVERSION = YES;
				CLANG_WARN_OBJC_ROOT_CLASS = YES_ERROR;
				CLANG_WARN_SUSPICIOUS_MOVES = YES;
				CLANG_WARN_UNREACHABLE_CODE = YES;
				CLANG_WARN__DUPLICATE_METHOD_MATCH = YES;
				"CODE_SIGN_IDENTITY[sdk=iphoneos*]" = "iPhone Developer";
				COPY_PHASE_STRIP = NO;
				DEBUG_INFORMATION_FORMAT = dwarf;
				ENABLE_STRICT_OBJC_MSGSEND = YES;
				ENABLE_TESTABILITY = YES;
				GCC_C_LANGUAGE_STANDARD = gnu99;
				GCC_DYNAMIC_NO_PIC = NO;
				GCC_NO_COMMON_BLOCKS = YES;
				GCC_OPTIMIZATION_LEVEL = 0;
				GCC_PREPROCESSOR_DEFINITIONS = (
					"DEBUG=1",
					"$(inherited)",
				);
				GCC_WARN_64_TO_32_BIT_CONVERSION = YES;
				GCC_WARN_ABOUT_RETURN_TYPE = YES_ERROR;
				GCC_WARN_UNDECLARED_SELECTOR = YES;
				GCC_WARN_UNINITIALIZED_AUTOS = YES_AGGRESSIVE;
				GCC_WARN_UNUSED_FUNCTION = YES;
				GCC_WARN_UNUSED_VARIABLE = YES;
				IPHONEOS_DEPLOYMENT_TARGET = 10.1;
				MTL_ENABLE_DEBUG_INFO = YES;
				ONLY_ACTIVE_ARCH = YES;
				SDKROOT = iphoneos;
				SWIFT_ACTIVE_COMPILATION_CONDITIONS = DEBUG;
				SWIFT_OPTIMIZATION_LEVEL = "-Onone";
				TARGETED_DEVICE_FAMILY = "1,2";
			};
			name = Debug;
		};
		E55C2A221DF9432A00969D61 /* Release */ = {
			isa = XCBuildConfiguration;
			buildSettings = {
				ALWAYS_SEARCH_USER_PATHS = NO;
				CLANG_ANALYZER_NONNULL = YES;
				CLANG_CXX_LANGUAGE_STANDARD = "gnu++0x";
				CLANG_CXX_LIBRARY = "libc++";
				CLANG_ENABLE_MODULES = YES;
				CLANG_ENABLE_OBJC_ARC = YES;
				CLANG_WARN_BOOL_CONVERSION = YES;
				CLANG_WARN_CONSTANT_CONVERSION = YES;
				CLANG_WARN_DIRECT_OBJC_ISA_USAGE = YES_ERROR;
				CLANG_WARN_DOCUMENTATION_COMMENTS = YES;
				CLANG_WARN_EMPTY_BODY = YES;
				CLANG_WARN_ENUM_CONVERSION = YES;
				CLANG_WARN_INFINITE_RECURSION = YES;
				CLANG_WARN_INT_CONVERSION = YES;
				CLANG_WARN_OBJC_ROOT_CLASS = YES_ERROR;
				CLANG_WARN_SUSPICIOUS_MOVES = YES;
				CLANG_WARN_UNREACHABLE_CODE = YES;
				CLANG_WARN__DUPLICATE_METHOD_MATCH = YES;
				"CODE_SIGN_IDENTITY[sdk=iphoneos*]" = "iPhone Developer";
				COPY_PHASE_STRIP = NO;
				DEBUG_INFORMATION_FORMAT = "dwarf-with-dsym";
				ENABLE_NS_ASSERTIONS = NO;
				ENABLE_STRICT_OBJC_MSGSEND = YES;
				GCC_C_LANGUAGE_STANDARD = gnu99;
				GCC_NO_COMMON_BLOCKS = YES;
				GCC_WARN_64_TO_32_BIT_CONVERSION = YES;
				GCC_WARN_ABOUT_RETURN_TYPE = YES_ERROR;
				GCC_WARN_UNDECLARED_SELECTOR = YES;
				GCC_WARN_UNINITIALIZED_AUTOS = YES_AGGRESSIVE;
				GCC_WARN_UNUSED_FUNCTION = YES;
				GCC_WARN_UNUSED_VARIABLE = YES;
				IPHONEOS_DEPLOYMENT_TARGET = 10.1;
				MTL_ENABLE_DEBUG_INFO = NO;
				SDKROOT = iphoneos;
				SWIFT_OPTIMIZATION_LEVEL = "-Owholemodule";
				TARGETED_DEVICE_FAMILY = "1,2";
				VALIDATE_PRODUCT = YES;
			};
			name = Release;
		};
		E55C2A241DF9432A00969D61 /* Debug */ = {
			isa = XCBuildConfiguration;
			buildSettings = {
				ASSETCATALOG_COMPILER_APPICON_NAME = AppIcon;
				INFOPLIST_FILE = UIKitris/Info.plist;
				LD_RUNPATH_SEARCH_PATHS = "$(inherited) @executable_path/Frameworks";
				PRODUCT_BUNDLE_IDENTIFIER = com.codeveyor.UIKitris;
				PRODUCT_NAME = "$(TARGET_NAME)";
				SWIFT_VERSION = 3.0;
			};
			name = Debug;
		};
		E55C2A251DF9432A00969D61 /* Release */ = {
			isa = XCBuildConfiguration;
			buildSettings = {
				ASSETCATALOG_COMPILER_APPICON_NAME = AppIcon;
				INFOPLIST_FILE = UIKitris/Info.plist;
				LD_RUNPATH_SEARCH_PATHS = "$(inherited) @executable_path/Frameworks";
				PRODUCT_BUNDLE_IDENTIFIER = com.codeveyor.UIKitris;
				PRODUCT_NAME = "$(TARGET_NAME)";
				SWIFT_VERSION = 3.0;
			};
			name = Release;
		};
		E55C2A271DF9432A00969D61 /* Debug */ = {
			isa = XCBuildConfiguration;
			buildSettings = {
				ALWAYS_EMBED_SWIFT_STANDARD_LIBRARIES = YES;
				BUNDLE_LOADER = "$(TEST_HOST)";
				INFOPLIST_FILE = UIKitrisTests/Info.plist;
				LD_RUNPATH_SEARCH_PATHS = "$(inherited) @executable_path/Frameworks @loader_path/Frameworks";
				PRODUCT_BUNDLE_IDENTIFIER = com.codeveyor.UIKitrisTests;
				PRODUCT_NAME = "$(TARGET_NAME)";
				SWIFT_VERSION = 3.0;
				TEST_HOST = "$(BUILT_PRODUCTS_DIR)/UIKitris.app/UIKitris";
			};
			name = Debug;
		};
		E55C2A281DF9432A00969D61 /* Release */ = {
			isa = XCBuildConfiguration;
			buildSettings = {
				ALWAYS_EMBED_SWIFT_STANDARD_LIBRARIES = YES;
				BUNDLE_LOADER = "$(TEST_HOST)";
				INFOPLIST_FILE = UIKitrisTests/Info.plist;
				LD_RUNPATH_SEARCH_PATHS = "$(inherited) @executable_path/Frameworks @loader_path/Frameworks";
				PRODUCT_BUNDLE_IDENTIFIER = com.codeveyor.UIKitrisTests;
				PRODUCT_NAME = "$(TARGET_NAME)";
				SWIFT_VERSION = 3.0;
				TEST_HOST = "$(BUILT_PRODUCTS_DIR)/UIKitris.app/UIKitris";
			};
			name = Release;
		};
		E55C2A2A1DF9432A00969D61 /* Debug */ = {
			isa = XCBuildConfiguration;
			buildSettings = {
				ALWAYS_EMBED_SWIFT_STANDARD_LIBRARIES = YES;
				INFOPLIST_FILE = UIKitrisUITests/Info.plist;
				LD_RUNPATH_SEARCH_PATHS = "$(inherited) @executable_path/Frameworks @loader_path/Frameworks";
				PRODUCT_BUNDLE_IDENTIFIER = com.codeveyor.UIKitrisUITests;
				PRODUCT_NAME = "$(TARGET_NAME)";
				SWIFT_VERSION = 3.0;
				TEST_TARGET_NAME = UIKitris;
			};
			name = Debug;
		};
		E55C2A2B1DF9432A00969D61 /* Release */ = {
			isa = XCBuildConfiguration;
			buildSettings = {
				ALWAYS_EMBED_SWIFT_STANDARD_LIBRARIES = YES;
				INFOPLIST_FILE = UIKitrisUITests/Info.plist;
				LD_RUNPATH_SEARCH_PATHS = "$(inherited) @executable_path/Frameworks @loader_path/Frameworks";
				PRODUCT_BUNDLE_IDENTIFIER = com.codeveyor.UIKitrisUITests;
				PRODUCT_NAME = "$(TARGET_NAME)";
				SWIFT_VERSION = 3.0;
				TEST_TARGET_NAME = UIKitris;
			};
			name = Release;
		};
/* End XCBuildConfiguration section */

/* Begin XCConfigurationList section */
		E55C29F61DF9432A00969D61 /* Build configuration list for PBXProject "UIKitris" */ = {
			isa = XCConfigurationList;
			buildConfigurations = (
				E55C2A211DF9432A00969D61 /* Debug */,
				E55C2A221DF9432A00969D61 /* Release */,
			);
			defaultConfigurationIsVisible = 0;
			defaultConfigurationName = Release;
		};
		E55C2A231DF9432A00969D61 /* Build configuration list for PBXNativeTarget "UIKitris" */ = {
			isa = XCConfigurationList;
			buildConfigurations = (
				E55C2A241DF9432A00969D61 /* Debug */,
				E55C2A251DF9432A00969D61 /* Release */,
			);
			defaultConfigurationIsVisible = 0;
			defaultConfigurationName = Release;
		};
		E55C2A261DF9432A00969D61 /* Build configuration list for PBXNativeTarget "UIKitrisTests" */ = {
			isa = XCConfigurationList;
			buildConfigurations = (
				E55C2A271DF9432A00969D61 /* Debug */,
				E55C2A281DF9432A00969D61 /* Release */,
			);
			defaultConfigurationIsVisible = 0;
			defaultConfigurationName = Release;
		};
		E55C2A291DF9432A00969D61 /* Build configuration list for PBXNativeTarget "UIKitrisUITests" */ = {
			isa = XCConfigurationList;
			buildConfigurations = (
				E55C2A2A1DF9432A00969D61 /* Debug */,
				E55C2A2B1DF9432A00969D61 /* Release */,
			);
			defaultConfigurationIsVisible = 0;
			defaultConfigurationName = Release;
		};
/* End XCConfigurationList section */
	};
	rootObject = E55C29F31DF9432A00969D61 /* Project object */;
}
